
Microsoft Visual Studio Solution File, Format Version 12.00
# Visual Studio Version 17
VisualStudioVersion = 17.9.34616.47
MinimumVisualStudioVersion = 10.0.40219.1
Project("{9A19103F-16F7-4668-BE54-9A1E7A4F7556}") = "Dierentuin-App", "Dierentuin-App.csproj", "{2EFCB13D-4EFF-44E1-AC27-AA54A002D63B}"
EndProject
Project("{9A19103F-16F7-4668-BE54-9A1E7A4F7556}") = "Dierentuin-unit-test", "..\Dierentuin-unit-test\Dierentuin-unit-test.csproj", "{5238E5FC-424A-4C3C-9FC4-C4D5A4BC6660}"
EndProject
Global
	GlobalSection(SolutionConfigurationPlatforms) = preSolution
		Debug|Any CPU = Debug|Any CPU
		Release|Any CPU = Release|Any CPU
	EndGlobalSection
	GlobalSection(ProjectConfigurationPlatforms) = postSolution
		{2EFCB13D-4EFF-44E1-AC27-AA54A002D63B}.Debug|Any CPU.ActiveCfg = Debug|Any CPU
		{2EFCB13D-4EFF-44E1-AC27-AA54A002D63B}.Debug|Any CPU.Build.0 = Debug|Any CPU
		{2EFCB13D-4EFF-44E1-AC27-AA54A002D63B}.Release|Any CPU.ActiveCfg = Release|Any CPU
		{2EFCB13D-4EFF-44E1-AC27-AA54A002D63B}.Release|Any CPU.Build.0 = Release|Any CPU
		{5238E5FC-424A-4C3C-9FC4-C4D5A4BC6660}.Debug|Any CPU.ActiveCfg = Debug|Any CPU
		{5238E5FC-424A-4C3C-9FC4-C4D5A4BC6660}.Debug|Any CPU.Build.0 = Debug|Any CPU
		{5238E5FC-424A-4C3C-9FC4-C4D5A4BC6660}.Release|Any CPU.ActiveCfg = Release|Any CPU
		{5238E5FC-424A-4C3C-9FC4-C4D5A4BC6660}.Release|Any CPU.Build.0 = Release|Any CPU
	EndGlobalSection
	GlobalSection(SolutionProperties) = preSolution
		HideSolutionNode = FALSE
	EndGlobalSection
	GlobalSection(ExtensibilityGlobals) = postSolution
		SolutionGuid = {FD521578-5F8A-45D1-9D53-5649714188DC}
	EndGlobalSection
EndGlobal
